// !$*UTF8*$!
{
	archiveVersion = 1;
	classes = {
	};
	objectVersion = 55;
	objects = {

/* Begin PBXBuildFile section */
		261A8F52286A68FB00E0E13A /* Post.m in Sources */ = {isa = PBXBuildFile; fileRef = 261A8F51286A68FB00E0E13A /* Post.m */; };
		26B6BA14286A475000912724 /* AppDelegate.m in Sources */ = {isa = PBXBuildFile; fileRef = 26B6BA13286A475000912724 /* AppDelegate.m */; };
		26B6BA17286A475000912724 /* SceneDelegate.m in Sources */ = {isa = PBXBuildFile; fileRef = 26B6BA16286A475000912724 /* SceneDelegate.m */; };
		26B6BA1D286A475000912724 /* Main.storyboard in Resources */ = {isa = PBXBuildFile; fileRef = 26B6BA1B286A475000912724 /* Main.storyboard */; };
		26B6BA1F286A475100912724 /* Assets.xcassets in Resources */ = {isa = PBXBuildFile; fileRef = 26B6BA1E286A475100912724 /* Assets.xcassets */; };
		26B6BA22286A475100912724 /* LaunchScreen.storyboard in Resources */ = {isa = PBXBuildFile; fileRef = 26B6BA20286A475100912724 /* LaunchScreen.storyboard */; };
		26B6BA25286A475100912724 /* main.m in Sources */ = {isa = PBXBuildFile; fileRef = 26B6BA24286A475100912724 /* main.m */; };
		26B6BA2F286A475100912724 /* InstagramTests.m in Sources */ = {isa = PBXBuildFile; fileRef = 26B6BA2E286A475100912724 /* InstagramTests.m */; };
		26B6BA39286A475100912724 /* InstagramUITests.m in Sources */ = {isa = PBXBuildFile; fileRef = 26B6BA38286A475100912724 /* InstagramUITests.m */; };
		26B6BA3B286A475100912724 /* InstagramUITestsLaunchTests.m in Sources */ = {isa = PBXBuildFile; fileRef = 26B6BA3A286A475100912724 /* InstagramUITestsLaunchTests.m */; };
		26B6BA4D286A551800912724 /* LoginViewController.m in Sources */ = {isa = PBXBuildFile; fileRef = 26B6BA4C286A551800912724 /* LoginViewController.m */; };
		26B6BA50286A555B00912724 /* HomeFeedViewController.m in Sources */ = {isa = PBXBuildFile; fileRef = 26B6BA4F286A555B00912724 /* HomeFeedViewController.m */; };
		26B6BA53286A557B00912724 /* ComposeViewController.m in Sources */ = {isa = PBXBuildFile; fileRef = 26B6BA52286A557B00912724 /* ComposeViewController.m */; };
		6FC063339DAEA062CFFAE696 /* Pods_InstagramTests.framework in Frameworks */ = {isa = PBXBuildFile; fileRef = C85AC9C56B430B27084B7748 /* Pods_InstagramTests.framework */; };
		AABE37D68D1578DC6B673D13 /* Pods_Instagram_InstagramUITests.framework in Frameworks */ = {isa = PBXBuildFile; fileRef = 970450DD3A48A061C6363A0A /* Pods_Instagram_InstagramUITests.framework */; };
		E9FDC0D756E6A70E4F3C9845 /* Pods_Instagram.framework in Frameworks */ = {isa = PBXBuildFile; fileRef = DC779771ED90DCDB232B21F6 /* Pods_Instagram.framework */; };
/* End PBXBuildFile section */

/* Begin PBXContainerItemProxy section */
		26B6BA2B286A475100912724 /* PBXContainerItemProxy */ = {
			isa = PBXContainerItemProxy;
			containerPortal = 26B6BA07286A475000912724 /* Project object */;
			proxyType = 1;
			remoteGlobalIDString = 26B6BA0E286A475000912724;
			remoteInfo = Instagram;
		};
		26B6BA35286A475100912724 /* PBXContainerItemProxy */ = {
			isa = PBXContainerItemProxy;
			containerPortal = 26B6BA07286A475000912724 /* Project object */;
			proxyType = 1;
			remoteGlobalIDString = 26B6BA0E286A475000912724;
			remoteInfo = Instagram;
		};
/* End PBXContainerItemProxy section */

/* Begin PBXFileReference section */
		261A8F50286A68FB00E0E13A /* Post.h */ = {isa = PBXFileReference; lastKnownFileType = sourcecode.c.h; path = Post.h; sourceTree = "<group>"; };
		261A8F51286A68FB00E0E13A /* Post.m */ = {isa = PBXFileReference; lastKnownFileType = sourcecode.c.objc; path = Post.m; sourceTree = "<group>"; };
		26B6BA0F286A475000912724 /* Instagram.app */ = {isa = PBXFileReference; explicitFileType = wrapper.application; includeInIndex = 0; path = Instagram.app; sourceTree = BUILT_PRODUCTS_DIR; };
		26B6BA12286A475000912724 /* AppDelegate.h */ = {isa = PBXFileReference; lastKnownFileType = sourcecode.c.h; path = AppDelegate.h; sourceTree = "<group>"; };
		26B6BA13286A475000912724 /* AppDelegate.m */ = {isa = PBXFileReference; lastKnownFileType = sourcecode.c.objc; path = AppDelegate.m; sourceTree = "<group>"; };
		26B6BA15286A475000912724 /* SceneDelegate.h */ = {isa = PBXFileReference; lastKnownFileType = sourcecode.c.h; path = SceneDelegate.h; sourceTree = "<group>"; };
		26B6BA16286A475000912724 /* SceneDelegate.m */ = {isa = PBXFileReference; lastKnownFileType = sourcecode.c.objc; path = SceneDelegate.m; sourceTree = "<group>"; };
		26B6BA1C286A475000912724 /* Base */ = {isa = PBXFileReference; lastKnownFileType = file.storyboard; name = Base; path = Base.lproj/Main.storyboard; sourceTree = "<group>"; };
		26B6BA1E286A475100912724 /* Assets.xcassets */ = {isa = PBXFileReference; lastKnownFileType = folder.assetcatalog; path = Assets.xcassets; sourceTree = "<group>"; };
		26B6BA21286A475100912724 /* Base */ = {isa = PBXFileReference; lastKnownFileType = file.storyboard; name = Base; path = Base.lproj/LaunchScreen.storyboard; sourceTree = "<group>"; };
		26B6BA23286A475100912724 /* Info.plist */ = {isa = PBXFileReference; lastKnownFileType = text.plist.xml; path = Info.plist; sourceTree = "<group>"; };
		26B6BA24286A475100912724 /* main.m */ = {isa = PBXFileReference; lastKnownFileType = sourcecode.c.objc; path = main.m; sourceTree = "<group>"; };
		26B6BA2A286A475100912724 /* InstagramTests.xctest */ = {isa = PBXFileReference; explicitFileType = wrapper.cfbundle; includeInIndex = 0; path = InstagramTests.xctest; sourceTree = BUILT_PRODUCTS_DIR; };
		26B6BA2E286A475100912724 /* InstagramTests.m */ = {isa = PBXFileReference; lastKnownFileType = sourcecode.c.objc; path = InstagramTests.m; sourceTree = "<group>"; };
		26B6BA34286A475100912724 /* InstagramUITests.xctest */ = {isa = PBXFileReference; explicitFileType = wrapper.cfbundle; includeInIndex = 0; path = InstagramUITests.xctest; sourceTree = BUILT_PRODUCTS_DIR; };
		26B6BA38286A475100912724 /* InstagramUITests.m */ = {isa = PBXFileReference; lastKnownFileType = sourcecode.c.objc; path = InstagramUITests.m; sourceTree = "<group>"; };
		26B6BA3A286A475100912724 /* InstagramUITestsLaunchTests.m */ = {isa = PBXFileReference; lastKnownFileType = sourcecode.c.objc; path = InstagramUITestsLaunchTests.m; sourceTree = "<group>"; };
		26B6BA4B286A551800912724 /* LoginViewController.h */ = {isa = PBXFileReference; lastKnownFileType = sourcecode.c.h; path = LoginViewController.h; sourceTree = "<group>"; };
		26B6BA4C286A551800912724 /* LoginViewController.m */ = {isa = PBXFileReference; lastKnownFileType = sourcecode.c.objc; path = LoginViewController.m; sourceTree = "<group>"; };
		26B6BA4E286A555B00912724 /* HomeFeedViewController.h */ = {isa = PBXFileReference; lastKnownFileType = sourcecode.c.h; path = HomeFeedViewController.h; sourceTree = "<group>"; };
		26B6BA4F286A555B00912724 /* HomeFeedViewController.m */ = {isa = PBXFileReference; lastKnownFileType = sourcecode.c.objc; path = HomeFeedViewController.m; sourceTree = "<group>"; };
		26B6BA51286A557B00912724 /* ComposeViewController.h */ = {isa = PBXFileReference; lastKnownFileType = sourcecode.c.h; path = ComposeViewController.h; sourceTree = "<group>"; };
		26B6BA52286A557B00912724 /* ComposeViewController.m */ = {isa = PBXFileReference; lastKnownFileType = sourcecode.c.objc; path = ComposeViewController.m; sourceTree = "<group>"; };
		35BA02D0EBE0F930EBEF21A0 /* Pods-Instagram.release.xcconfig */ = {isa = PBXFileReference; includeInIndex = 1; lastKnownFileType = text.xcconfig; name = "Pods-Instagram.release.xcconfig"; path = "Target Support Files/Pods-Instagram/Pods-Instagram.release.xcconfig"; sourceTree = "<group>"; };
		4F3CA47E5E1E9E88B8C1456E /* Pods-Instagram-InstagramUITests.debug.xcconfig */ = {isa = PBXFileReference; includeInIndex = 1; lastKnownFileType = text.xcconfig; name = "Pods-Instagram-InstagramUITests.debug.xcconfig"; path = "Target Support Files/Pods-Instagram-InstagramUITests/Pods-Instagram-InstagramUITests.debug.xcconfig"; sourceTree = "<group>"; };
		8E042EB6F9FA41AAAF6108CC /* Pods-Instagram-InstagramUITests.release.xcconfig */ = {isa = PBXFileReference; includeInIndex = 1; lastKnownFileType = text.xcconfig; name = "Pods-Instagram-InstagramUITests.release.xcconfig"; path = "Target Support Files/Pods-Instagram-InstagramUITests/Pods-Instagram-InstagramUITests.release.xcconfig"; sourceTree = "<group>"; };
		970450DD3A48A061C6363A0A /* Pods_Instagram_InstagramUITests.framework */ = {isa = PBXFileReference; explicitFileType = wrapper.framework; includeInIndex = 0; path = Pods_Instagram_InstagramUITests.framework; sourceTree = BUILT_PRODUCTS_DIR; };
		B70077BA33B43BABB3894779 /* Pods-InstagramTests.release.xcconfig */ = {isa = PBXFileReference; includeInIndex = 1; lastKnownFileType = text.xcconfig; name = "Pods-InstagramTests.release.xcconfig"; path = "Target Support Files/Pods-InstagramTests/Pods-InstagramTests.release.xcconfig"; sourceTree = "<group>"; };
		B8A0B12F2557CDB3D69496CE /* Pods-Instagram.debug.xcconfig */ = {isa = PBXFileReference; includeInIndex = 1; lastKnownFileType = text.xcconfig; name = "Pods-Instagram.debug.xcconfig"; path = "Target Support Files/Pods-Instagram/Pods-Instagram.debug.xcconfig"; sourceTree = "<group>"; };
		C85AC9C56B430B27084B7748 /* Pods_InstagramTests.framework */ = {isa = PBXFileReference; explicitFileType = wrapper.framework; includeInIndex = 0; path = Pods_InstagramTests.framework; sourceTree = BUILT_PRODUCTS_DIR; };
		DC779771ED90DCDB232B21F6 /* Pods_Instagram.framework */ = {isa = PBXFileReference; explicitFileType = wrapper.framework; includeInIndex = 0; path = Pods_Instagram.framework; sourceTree = BUILT_PRODUCTS_DIR; };
		E629F7ABA983AE1CF1ABCF3A /* Pods-InstagramTests.debug.xcconfig */ = {isa = PBXFileReference; includeInIndex = 1; lastKnownFileType = text.xcconfig; name = "Pods-InstagramTests.debug.xcconfig"; path = "Target Support Files/Pods-InstagramTests/Pods-InstagramTests.debug.xcconfig"; sourceTree = "<group>"; };
/* End PBXFileReference section */

/* Begin PBXFrameworksBuildPhase section */
		26B6BA0C286A475000912724 /* Frameworks */ = {
			isa = PBXFrameworksBuildPhase;
			buildActionMask = 2147483647;
			files = (
				E9FDC0D756E6A70E4F3C9845 /* Pods_Instagram.framework in Frameworks */,
			);
			runOnlyForDeploymentPostprocessing = 0;
		};
		26B6BA27286A475100912724 /* Frameworks */ = {
			isa = PBXFrameworksBuildPhase;
			buildActionMask = 2147483647;
			files = (
				6FC063339DAEA062CFFAE696 /* Pods_InstagramTests.framework in Frameworks */,
			);
			runOnlyForDeploymentPostprocessing = 0;
		};
		26B6BA31286A475100912724 /* Frameworks */ = {
			isa = PBXFrameworksBuildPhase;
			buildActionMask = 2147483647;
			files = (
				AABE37D68D1578DC6B673D13 /* Pods_Instagram_InstagramUITests.framework in Frameworks */,
			);
			runOnlyForDeploymentPostprocessing = 0;
		};
/* End PBXFrameworksBuildPhase section */

/* Begin PBXGroup section */
		261A8F4F286A68F000E0E13A /* Models */ = {
			isa = PBXGroup;
			children = (
				261A8F50286A68FB00E0E13A /* Post.h */,
				261A8F51286A68FB00E0E13A /* Post.m */,
			);
			path = Models;
			sourceTree = "<group>";
		};
		26B6BA06286A475000912724 = {
			isa = PBXGroup;
			children = (
				26B6BA11286A475000912724 /* Instagram */,
				26B6BA2D286A475100912724 /* InstagramTests */,
				26B6BA37286A475100912724 /* InstagramUITests */,
				26B6BA10286A475000912724 /* Products */,
				4757A9B332963727A17783BE /* Pods */,
				82E7C99770980F5AD20AC33D /* Frameworks */,
			);
			sourceTree = "<group>";
		};
		26B6BA10286A475000912724 /* Products */ = {
			isa = PBXGroup;
			children = (
				26B6BA0F286A475000912724 /* Instagram.app */,
				26B6BA2A286A475100912724 /* InstagramTests.xctest */,
				26B6BA34286A475100912724 /* InstagramUITests.xctest */,
			);
			name = Products;
			sourceTree = "<group>";
		};
		26B6BA11286A475000912724 /* Instagram */ = {
			isa = PBXGroup;
			children = (
				261A8F4F286A68F000E0E13A /* Models */,
				26B6BA4A286A550000912724 /* ViewControllers */,
				26B6BA12286A475000912724 /* AppDelegate.h */,
				26B6BA13286A475000912724 /* AppDelegate.m */,
				26B6BA15286A475000912724 /* SceneDelegate.h */,
				26B6BA16286A475000912724 /* SceneDelegate.m */,
				26B6BA1B286A475000912724 /* Main.storyboard */,
				26B6BA1E286A475100912724 /* Assets.xcassets */,
				26B6BA20286A475100912724 /* LaunchScreen.storyboard */,
				26B6BA23286A475100912724 /* Info.plist */,
				26B6BA24286A475100912724 /* main.m */,
			);
			path = Instagram;
			sourceTree = "<group>";
		};
		26B6BA2D286A475100912724 /* InstagramTests */ = {
			isa = PBXGroup;
			children = (
				26B6BA2E286A475100912724 /* InstagramTests.m */,
			);
			path = InstagramTests;
			sourceTree = "<group>";
		};
		26B6BA37286A475100912724 /* InstagramUITests */ = {
			isa = PBXGroup;
			children = (
				26B6BA38286A475100912724 /* InstagramUITests.m */,
				26B6BA3A286A475100912724 /* InstagramUITestsLaunchTests.m */,
			);
			path = InstagramUITests;
			sourceTree = "<group>";
		};
		26B6BA4A286A550000912724 /* ViewControllers */ = {
			isa = PBXGroup;
			children = (
				26B6BA4B286A551800912724 /* LoginViewController.h */,
				26B6BA4C286A551800912724 /* LoginViewController.m */,
				26B6BA4E286A555B00912724 /* HomeFeedViewController.h */,
				26B6BA4F286A555B00912724 /* HomeFeedViewController.m */,
				26B6BA51286A557B00912724 /* ComposeViewController.h */,
				26B6BA52286A557B00912724 /* ComposeViewController.m */,
			);
			path = ViewControllers;
			sourceTree = "<group>";
		};
		4757A9B332963727A17783BE /* Pods */ = {
			isa = PBXGroup;
			children = (
				B8A0B12F2557CDB3D69496CE /* Pods-Instagram.debug.xcconfig */,
				35BA02D0EBE0F930EBEF21A0 /* Pods-Instagram.release.xcconfig */,
				4F3CA47E5E1E9E88B8C1456E /* Pods-Instagram-InstagramUITests.debug.xcconfig */,
				8E042EB6F9FA41AAAF6108CC /* Pods-Instagram-InstagramUITests.release.xcconfig */,
				E629F7ABA983AE1CF1ABCF3A /* Pods-InstagramTests.debug.xcconfig */,
				B70077BA33B43BABB3894779 /* Pods-InstagramTests.release.xcconfig */,
			);
			path = Pods;
			sourceTree = "<group>";
		};
		82E7C99770980F5AD20AC33D /* Frameworks */ = {
			isa = PBXGroup;
			children = (
				DC779771ED90DCDB232B21F6 /* Pods_Instagram.framework */,
				970450DD3A48A061C6363A0A /* Pods_Instagram_InstagramUITests.framework */,
				C85AC9C56B430B27084B7748 /* Pods_InstagramTests.framework */,
			);
			name = Frameworks;
			sourceTree = "<group>";
		};
/* End PBXGroup section */

/* Begin PBXNativeTarget section */
		26B6BA0E286A475000912724 /* Instagram */ = {
			isa = PBXNativeTarget;
			buildConfigurationList = 26B6BA3E286A475100912724 /* Build configuration list for PBXNativeTarget "Instagram" */;
			buildPhases = (
				330D56F307F7AA159904C29E /* [CP] Check Pods Manifest.lock */,
				26B6BA0B286A475000912724 /* Sources */,
				26B6BA0C286A475000912724 /* Frameworks */,
				26B6BA0D286A475000912724 /* Resources */,
				D5C31924F0DA151A39C545A9 /* [CP] Embed Pods Frameworks */,
			);
			buildRules = (
			);
			dependencies = (
			);
			name = Instagram;
			productName = Instagram;
			productReference = 26B6BA0F286A475000912724 /* Instagram.app */;
			productType = "com.apple.product-type.application";
		};
		26B6BA29286A475100912724 /* InstagramTests */ = {
			isa = PBXNativeTarget;
			buildConfigurationList = 26B6BA41286A475100912724 /* Build configuration list for PBXNativeTarget "InstagramTests" */;
			buildPhases = (
				91ED1563EFB9A12AB83C23E2 /* [CP] Check Pods Manifest.lock */,
				26B6BA26286A475100912724 /* Sources */,
				26B6BA27286A475100912724 /* Frameworks */,
				26B6BA28286A475100912724 /* Resources */,
			);
			buildRules = (
			);
			dependencies = (
				26B6BA2C286A475100912724 /* PBXTargetDependency */,
			);
			name = InstagramTests;
			productName = InstagramTests;
			productReference = 26B6BA2A286A475100912724 /* InstagramTests.xctest */;
			productType = "com.apple.product-type.bundle.unit-test";
		};
		26B6BA33286A475100912724 /* InstagramUITests */ = {
			isa = PBXNativeTarget;
			buildConfigurationList = 26B6BA44286A475100912724 /* Build configuration list for PBXNativeTarget "InstagramUITests" */;
			buildPhases = (
				34346C365969BB75610232CA /* [CP] Check Pods Manifest.lock */,
				26B6BA30286A475100912724 /* Sources */,
				26B6BA31286A475100912724 /* Frameworks */,
				26B6BA32286A475100912724 /* Resources */,
				9A95E91BC559E7AC863F84F5 /* [CP] Embed Pods Frameworks */,
			);
			buildRules = (
			);
			dependencies = (
				26B6BA36286A475100912724 /* PBXTargetDependency */,
			);
			name = InstagramUITests;
			productName = InstagramUITests;
			productReference = 26B6BA34286A475100912724 /* InstagramUITests.xctest */;
			productType = "com.apple.product-type.bundle.ui-testing";
		};
/* End PBXNativeTarget section */

/* Begin PBXProject section */
		26B6BA07286A475000912724 /* Project object */ = {
			isa = PBXProject;
			attributes = {
				BuildIndependentTargetsInParallel = 1;
				LastUpgradeCheck = 1340;
				TargetAttributes = {
					26B6BA0E286A475000912724 = {
						CreatedOnToolsVersion = 13.4;
					};
					26B6BA29286A475100912724 = {
						CreatedOnToolsVersion = 13.4;
						TestTargetID = 26B6BA0E286A475000912724;
					};
					26B6BA33286A475100912724 = {
						CreatedOnToolsVersion = 13.4;
						TestTargetID = 26B6BA0E286A475000912724;
					};
				};
			};
			buildConfigurationList = 26B6BA0A286A475000912724 /* Build configuration list for PBXProject "Instagram" */;
			compatibilityVersion = "Xcode 13.0";
			developmentRegion = en;
			hasScannedForEncodings = 0;
			knownRegions = (
				en,
				Base,
			);
			mainGroup = 26B6BA06286A475000912724;
			productRefGroup = 26B6BA10286A475000912724 /* Products */;
			projectDirPath = "";
			projectRoot = "";
			targets = (
				26B6BA0E286A475000912724 /* Instagram */,
				26B6BA29286A475100912724 /* InstagramTests */,
				26B6BA33286A475100912724 /* InstagramUITests */,
			);
		};
/* End PBXProject section */

/* Begin PBXResourcesBuildPhase section */
		26B6BA0D286A475000912724 /* Resources */ = {
			isa = PBXResourcesBuildPhase;
			buildActionMask = 2147483647;
			files = (
				26B6BA22286A475100912724 /* LaunchScreen.storyboard in Resources */,
				26B6BA1F286A475100912724 /* Assets.xcassets in Resources */,
				26B6BA1D286A475000912724 /* Main.storyboard in Resources */,
			);
			runOnlyForDeploymentPostprocessing = 0;
		};
		26B6BA28286A475100912724 /* Resources */ = {
			isa = PBXResourcesBuildPhase;
			buildActionMask = 2147483647;
			files = (
			);
			runOnlyForDeploymentPostprocessing = 0;
		};
		26B6BA32286A475100912724 /* Resources */ = {
			isa = PBXResourcesBuildPhase;
			buildActionMask = 2147483647;
			files = (
			);
			runOnlyForDeploymentPostprocessing = 0;
		};
/* End PBXResourcesBuildPhase section */

/* Begin PBXShellScriptBuildPhase section */
		330D56F307F7AA159904C29E /* [CP] Check Pods Manifest.lock */ = {
			isa = PBXShellScriptBuildPhase;
			buildActionMask = 2147483647;
			files = (
			);
			inputFileListPaths = (
			);
			inputPaths = (
				"${PODS_PODFILE_DIR_PATH}/Podfile.lock",
				"${PODS_ROOT}/Manifest.lock",
			);
			name = "[CP] Check Pods Manifest.lock";
			outputFileListPaths = (
			);
			outputPaths = (
				"$(DERIVED_FILE_DIR)/Pods-Instagram-checkManifestLockResult.txt",
			);
			runOnlyForDeploymentPostprocessing = 0;
			shellPath = /bin/sh;
			shellScript = "diff \"${PODS_PODFILE_DIR_PATH}/Podfile.lock\" \"${PODS_ROOT}/Manifest.lock\" > /dev/null\nif [ $? != 0 ] ; then\n    # print error to STDERR\n    echo \"error: The sandbox is not in sync with the Podfile.lock. Run 'pod install' or update your CocoaPods installation.\" >&2\n    exit 1\nfi\n# This output is used by Xcode 'outputs' to avoid re-running this script phase.\necho \"SUCCESS\" > \"${SCRIPT_OUTPUT_FILE_0}\"\n";
			showEnvVarsInLog = 0;
		};
		34346C365969BB75610232CA /* [CP] Check Pods Manifest.lock */ = {
			isa = PBXShellScriptBuildPhase;
			buildActionMask = 2147483647;
			files = (
			);
			inputFileListPaths = (
			);
			inputPaths = (
				"${PODS_PODFILE_DIR_PATH}/Podfile.lock",
				"${PODS_ROOT}/Manifest.lock",
			);
			name = "[CP] Check Pods Manifest.lock";
			outputFileListPaths = (
			);
			outputPaths = (
				"$(DERIVED_FILE_DIR)/Pods-Instagram-InstagramUITests-checkManifestLockResult.txt",
			);
			runOnlyForDeploymentPostprocessing = 0;
			shellPath = /bin/sh;
			shellScript = "diff \"${PODS_PODFILE_DIR_PATH}/Podfile.lock\" \"${PODS_ROOT}/Manifest.lock\" > /dev/null\nif [ $? != 0 ] ; then\n    # print error to STDERR\n    echo \"error: The sandbox is not in sync with the Podfile.lock. Run 'pod install' or update your CocoaPods installation.\" >&2\n    exit 1\nfi\n# This output is used by Xcode 'outputs' to avoid re-running this script phase.\necho \"SUCCESS\" > \"${SCRIPT_OUTPUT_FILE_0}\"\n";
			showEnvVarsInLog = 0;
		};
		91ED1563EFB9A12AB83C23E2 /* [CP] Check Pods Manifest.lock */ = {
			isa = PBXShellScriptBuildPhase;
			buildActionMask = 2147483647;
			files = (
			);
			inputFileListPaths = (
			);
			inputPaths = (
				"${PODS_PODFILE_DIR_PATH}/Podfile.lock",
				"${PODS_ROOT}/Manifest.lock",
			);
			name = "[CP] Check Pods Manifest.lock";
			outputFileListPaths = (
			);
			outputPaths = (
				"$(DERIVED_FILE_DIR)/Pods-InstagramTests-checkManifestLockResult.txt",
			);
			runOnlyForDeploymentPostprocessing = 0;
			shellPath = /bin/sh;
			shellScript = "diff \"${PODS_PODFILE_DIR_PATH}/Podfile.lock\" \"${PODS_ROOT}/Manifest.lock\" > /dev/null\nif [ $? != 0 ] ; then\n    # print error to STDERR\n    echo \"error: The sandbox is not in sync with the Podfile.lock. Run 'pod install' or update your CocoaPods installation.\" >&2\n    exit 1\nfi\n# This output is used by Xcode 'outputs' to avoid re-running this script phase.\necho \"SUCCESS\" > \"${SCRIPT_OUTPUT_FILE_0}\"\n";
			showEnvVarsInLog = 0;
		};
		9A95E91BC559E7AC863F84F5 /* [CP] Embed Pods Frameworks */ = {
			isa = PBXShellScriptBuildPhase;
			buildActionMask = 2147483647;
			files = (
			);
			inputFileListPaths = (
				"${PODS_ROOT}/Target Support Files/Pods-Instagram-InstagramUITests/Pods-Instagram-InstagramUITests-frameworks-${CONFIGURATION}-input-files.xcfilelist",
			);
			name = "[CP] Embed Pods Frameworks";
			outputFileListPaths = (
				"${PODS_ROOT}/Target Support Files/Pods-Instagram-InstagramUITests/Pods-Instagram-InstagramUITests-frameworks-${CONFIGURATION}-output-files.xcfilelist",
			);
			runOnlyForDeploymentPostprocessing = 0;
			shellPath = /bin/sh;
			shellScript = "\"${PODS_ROOT}/Target Support Files/Pods-Instagram-InstagramUITests/Pods-Instagram-InstagramUITests-frameworks.sh\"\n";
			showEnvVarsInLog = 0;
		};
		D5C31924F0DA151A39C545A9 /* [CP] Embed Pods Frameworks */ = {
			isa = PBXShellScriptBuildPhase;
			buildActionMask = 2147483647;
			files = (
			);
			inputFileListPaths = (
				"${PODS_ROOT}/Target Support Files/Pods-Instagram/Pods-Instagram-frameworks-${CONFIGURATION}-input-files.xcfilelist",
			);
			name = "[CP] Embed Pods Frameworks";
			outputFileListPaths = (
				"${PODS_ROOT}/Target Support Files/Pods-Instagram/Pods-Instagram-frameworks-${CONFIGURATION}-output-files.xcfilelist",
			);
			runOnlyForDeploymentPostprocessing = 0;
			shellPath = /bin/sh;
			shellScript = "\"${PODS_ROOT}/Target Support Files/Pods-Instagram/Pods-Instagram-frameworks.sh\"\n";
			showEnvVarsInLog = 0;
		};
/* End PBXShellScriptBuildPhase section */

/* Begin PBXSourcesBuildPhase section */
		26B6BA0B286A475000912724 /* Sources */ = {
			isa = PBXSourcesBuildPhase;
			buildActionMask = 2147483647;
			files = (
				26B6BA50286A555B00912724 /* HomeFeedViewController.m in Sources */,
				26B6BA4D286A551800912724 /* LoginViewController.m in Sources */,
				26B6BA14286A475000912724 /* AppDelegate.m in Sources */,
				26B6BA53286A557B00912724 /* ComposeViewController.m in Sources */,
				26B6BA25286A475100912724 /* main.m in Sources */,
				26B6BA17286A475000912724 /* SceneDelegate.m in Sources */,
				261A8F52286A68FB00E0E13A /* Post.m in Sources */,
			);
			runOnlyForDeploymentPostprocessing = 0;
		};
		26B6BA26286A475100912724 /* Sources */ = {
			isa = PBXSourcesBuildPhase;
			buildActionMask = 2147483647;
			files = (
				26B6BA2F286A475100912724 /* InstagramTests.m in Sources */,
			);
			runOnlyForDeploymentPostprocessing = 0;
		};
		26B6BA30286A475100912724 /* Sources */ = {
			isa = PBXSourcesBuildPhase;
			buildActionMask = 2147483647;
			files = (
				26B6BA39286A475100912724 /* InstagramUITests.m in Sources */,
				26B6BA3B286A475100912724 /* InstagramUITestsLaunchTests.m in Sources */,
			);
			runOnlyForDeploymentPostprocessing = 0;
		};
/* End PBXSourcesBuildPhase section */

/* Begin PBXTargetDependency section */
		26B6BA2C286A475100912724 /* PBXTargetDependency */ = {
			isa = PBXTargetDependency;
			target = 26B6BA0E286A475000912724 /* Instagram */;
			targetProxy = 26B6BA2B286A475100912724 /* PBXContainerItemProxy */;
		};
		26B6BA36286A475100912724 /* PBXTargetDependency */ = {
			isa = PBXTargetDependency;
			target = 26B6BA0E286A475000912724 /* Instagram */;
			targetProxy = 26B6BA35286A475100912724 /* PBXContainerItemProxy */;
		};
/* End PBXTargetDependency section */

/* Begin PBXVariantGroup section */
		26B6BA1B286A475000912724 /* Main.storyboard */ = {
			isa = PBXVariantGroup;
			children = (
				26B6BA1C286A475000912724 /* Base */,
			);
			name = Main.storyboard;
			sourceTree = "<group>";
		};
		26B6BA20286A475100912724 /* LaunchScreen.storyboard */ = {
			isa = PBXVariantGroup;
			children = (
				26B6BA21286A475100912724 /* Base */,
			);
			name = LaunchScreen.storyboard;
			sourceTree = "<group>";
		};
/* End PBXVariantGroup section */

/* Begin XCBuildConfiguration section */
		26B6BA3C286A475100912724 /* Debug */ = {
			isa = XCBuildConfiguration;
			buildSettings = {
				ALWAYS_SEARCH_USER_PATHS = NO;
				CLANG_ANALYZER_NONNULL = YES;
				CLANG_ANALYZER_NUMBER_OBJECT_CONVERSION = YES_AGGRESSIVE;
				CLANG_CXX_LANGUAGE_STANDARD = "gnu++17";
				CLANG_ENABLE_MODULES = YES;
				CLANG_ENABLE_OBJC_ARC = YES;
				CLANG_ENABLE_OBJC_WEAK = YES;
				CLANG_WARN_BLOCK_CAPTURE_AUTORELEASING = YES;
				CLANG_WARN_BOOL_CONVERSION = YES;
				CLANG_WARN_COMMA = YES;
				CLANG_WARN_CONSTANT_CONVERSION = YES;
				CLANG_WARN_DEPRECATED_OBJC_IMPLEMENTATIONS = YES;
				CLANG_WARN_DIRECT_OBJC_ISA_USAGE = YES_ERROR;
				CLANG_WARN_DOCUMENTATION_COMMENTS = YES;
				CLANG_WARN_EMPTY_BODY = YES;
				CLANG_WARN_ENUM_CONVERSION = YES;
				CLANG_WARN_INFINITE_RECURSION = YES;
				CLANG_WARN_INT_CONVERSION = YES;
				CLANG_WARN_NON_LITERAL_NULL_CONVERSION = YES;
				CLANG_WARN_OBJC_IMPLICIT_RETAIN_SELF = YES;
				CLANG_WARN_OBJC_LITERAL_CONVERSION = YES;
				CLANG_WARN_OBJC_ROOT_CLASS = YES_ERROR;
				CLANG_WARN_QUOTED_INCLUDE_IN_FRAMEWORK_HEADER = YES;
				CLANG_WARN_RANGE_LOOP_ANALYSIS = YES;
				CLANG_WARN_STRICT_PROTOTYPES = YES;
				CLANG_WARN_SUSPICIOUS_MOVE = YES;
				CLANG_WARN_UNGUARDED_AVAILABILITY = YES_AGGRESSIVE;
				CLANG_WARN_UNREACHABLE_CODE = YES;
				CLANG_WARN__DUPLICATE_METHOD_MATCH = YES;
				COPY_PHASE_STRIP = NO;
				DEBUG_INFORMATION_FORMAT = dwarf;
				ENABLE_STRICT_OBJC_MSGSEND = YES;
				ENABLE_TESTABILITY = YES;
				GCC_C_LANGUAGE_STANDARD = gnu11;
				GCC_DYNAMIC_NO_PIC = NO;
				GCC_NO_COMMON_BLOCKS = YES;
				GCC_OPTIMIZATION_LEVEL = 0;
				GCC_PREPROCESSOR_DEFINITIONS = (
					"DEBUG=1",
					"$(inherited)",
				);
				GCC_WARN_64_TO_32_BIT_CONVERSION = YES;
				GCC_WARN_ABOUT_RETURN_TYPE = YES_ERROR;
				GCC_WARN_UNDECLARED_SELECTOR = YES;
				GCC_WARN_UNINITIALIZED_AUTOS = YES_AGGRESSIVE;
				GCC_WARN_UNUSED_FUNCTION = YES;
				GCC_WARN_UNUSED_VARIABLE = YES;
				IPHONEOS_DEPLOYMENT_TARGET = 15.5;
				MTL_ENABLE_DEBUG_INFO = INCLUDE_SOURCE;
				MTL_FAST_MATH = YES;
				ONLY_ACTIVE_ARCH = YES;
				SDKROOT = iphoneos;
			};
			name = Debug;
		};
		26B6BA3D286A475100912724 /* Release */ = {
			isa = XCBuildConfiguration;
			buildSettings = {
				ALWAYS_SEARCH_USER_PATHS = NO;
				CLANG_ANALYZER_NONNULL = YES;
				CLANG_ANALYZER_NUMBER_OBJECT_CONVERSION = YES_AGGRESSIVE;
				CLANG_CXX_LANGUAGE_STANDARD = "gnu++17";
				CLANG_ENABLE_MODULES = YES;
				CLANG_ENABLE_OBJC_ARC = YES;
				CLANG_ENABLE_OBJC_WEAK = YES;
				CLANG_WARN_BLOCK_CAPTURE_AUTORELEASING = YES;
				CLANG_WARN_BOOL_CONVERSION = YES;
				CLANG_WARN_COMMA = YES;
				CLANG_WARN_CONSTANT_CONVERSION = YES;
				CLANG_WARN_DEPRECATED_OBJC_IMPLEMENTATIONS = YES;
				CLANG_WARN_DIRECT_OBJC_ISA_USAGE = YES_ERROR;
				CLANG_WARN_DOCUMENTATION_COMMENTS = YES;
				CLANG_WARN_EMPTY_BODY = YES;
				CLANG_WARN_ENUM_CONVERSION = YES;
				CLANG_WARN_INFINITE_RECURSION = YES;
				CLANG_WARN_INT_CONVERSION = YES;
				CLANG_WARN_NON_LITERAL_NULL_CONVERSION = YES;
				CLANG_WARN_OBJC_IMPLICIT_RETAIN_SELF = YES;
				CLANG_WARN_OBJC_LITERAL_CONVERSION = YES;
				CLANG_WARN_OBJC_ROOT_CLASS = YES_ERROR;
				CLANG_WARN_QUOTED_INCLUDE_IN_FRAMEWORK_HEADER = YES;
				CLANG_WARN_RANGE_LOOP_ANALYSIS = YES;
				CLANG_WARN_STRICT_PROTOTYPES = YES;
				CLANG_WARN_SUSPICIOUS_MOVE = YES;
				CLANG_WARN_UNGUARDED_AVAILABILITY = YES_AGGRESSIVE;
				CLANG_WARN_UNREACHABLE_CODE = YES;
				CLANG_WARN__DUPLICATE_METHOD_MATCH = YES;
				COPY_PHASE_STRIP = NO;
				DEBUG_INFORMATION_FORMAT = "dwarf-with-dsym";
				ENABLE_NS_ASSERTIONS = NO;
				ENABLE_STRICT_OBJC_MSGSEND = YES;
				GCC_C_LANGUAGE_STANDARD = gnu11;
				GCC_NO_COMMON_BLOCKS = YES;
				GCC_WARN_64_TO_32_BIT_CONVERSION = YES;
				GCC_WARN_ABOUT_RETURN_TYPE = YES_ERROR;
				GCC_WARN_UNDECLARED_SELECTOR = YES;
				GCC_WARN_UNINITIALIZED_AUTOS = YES_AGGRESSIVE;
				GCC_WARN_UNUSED_FUNCTION = YES;
				GCC_WARN_UNUSED_VARIABLE = YES;
				IPHONEOS_DEPLOYMENT_TARGET = 15.5;
				MTL_ENABLE_DEBUG_INFO = NO;
				MTL_FAST_MATH = YES;
				SDKROOT = iphoneos;
				VALIDATE_PRODUCT = YES;
			};
			name = Release;
		};
		26B6BA3F286A475100912724 /* Debug */ = {
			isa = XCBuildConfiguration;
			baseConfigurationReference = B8A0B12F2557CDB3D69496CE /* Pods-Instagram.debug.xcconfig */;
			buildSettings = {
				ASSETCATALOG_COMPILER_APPICON_NAME = AppIcon;
				ASSETCATALOG_COMPILER_GLOBAL_ACCENT_COLOR_NAME = AccentColor;
				CODE_SIGN_STYLE = Automatic;
				CURRENT_PROJECT_VERSION = 1;
				DEVELOPMENT_TEAM = K8BWGLA443;
				GENERATE_INFOPLIST_FILE = YES;
				INFOPLIST_FILE = Instagram/Info.plist;
				INFOPLIST_KEY_UIApplicationSupportsIndirectInputEvents = YES;
				INFOPLIST_KEY_UILaunchStoryboardName = LaunchScreen;
				INFOPLIST_KEY_UIMainStoryboardFile = Main;
				INFOPLIST_KEY_UISupportedInterfaceOrientations_iPad = "UIInterfaceOrientationPortrait UIInterfaceOrientationPortraitUpsideDown UIInterfaceOrientationLandscapeLeft UIInterfaceOrientationLandscapeRight";
				INFOPLIST_KEY_UISupportedInterfaceOrientations_iPhone = "UIInterfaceOrientationPortrait UIInterfaceOrientationLandscapeLeft UIInterfaceOrientationLandscapeRight";
				LD_RUNPATH_SEARCH_PATHS = (
					"$(inherited)",
					"@executable_path/Frameworks",
				);
				MARKETING_VERSION = 1.0;
				PRODUCT_BUNDLE_IDENTIFIER = com.josecastillo.Instagram;
				PRODUCT_NAME = "$(TARGET_NAME)";
				SWIFT_EMIT_LOC_STRINGS = YES;
				TARGETED_DEVICE_FAMILY = "1,2";
			};
			name = Debug;
		};
		26B6BA40286A475100912724 /* Release */ = {
			isa = XCBuildConfiguration;
			baseConfigurationReference = 35BA02D0EBE0F930EBEF21A0 /* Pods-Instagram.release.xcconfig */;
			buildSettings = {
				ASSETCATALOG_COMPILER_APPICON_NAME = AppIcon;
				ASSETCATALOG_COMPILER_GLOBAL_ACCENT_COLOR_NAME = AccentColor;
				CODE_SIGN_STYLE = Automatic;
				CURRENT_PROJECT_VERSION = 1;
				DEVELOPMENT_TEAM = K8BWGLA443;
				GENERATE_INFOPLIST_FILE = YES;
				INFOPLIST_FILE = Instagram/Info.plist;
				INFOPLIST_KEY_UIApplicationSupportsIndirectInputEvents = YES;
				INFOPLIST_KEY_UILaunchStoryboardName = LaunchScreen;
				INFOPLIST_KEY_UIMainStoryboardFile = Main;
				INFOPLIST_KEY_UISupportedInterfaceOrientations_iPad = "UIInterfaceOrientationPortrait UIInterfaceOrientationPortraitUpsideDown UIInterfaceOrientationLandscapeLeft UIInterfaceOrientationLandscapeRight";
				INFOPLIST_KEY_UISupportedInterfaceOrientations_iPhone = "UIInterfaceOrientationPortrait UIInterfaceOrientationLandscapeLeft UIInterfaceOrientationLandscapeRight";
				LD_RUNPATH_SEARCH_PATHS = (
					"$(inherited)",
					"@executable_path/Frameworks",
				);
				MARKETING_VERSION = 1.0;
				PRODUCT_BUNDLE_IDENTIFIER = com.josecastillo.Instagram;
				PRODUCT_NAME = "$(TARGET_NAME)";
				SWIFT_EMIT_LOC_STRINGS = YES;
				TARGETED_DEVICE_FAMILY = "1,2";
			};
			name = Release;
		};
		26B6BA42286A475100912724 /* Debug */ = {
			isa = XCBuildConfiguration;
			baseConfigurationReference = E629F7ABA983AE1CF1ABCF3A /* Pods-InstagramTests.debug.xcconfig */;
			buildSettings = {
				BUNDLE_LOADER = "$(TEST_HOST)";
				CODE_SIGN_STYLE = Automatic;
				CURRENT_PROJECT_VERSION = 1;
				DEVELOPMENT_TEAM = K8BWGLA443;
				GENERATE_INFOPLIST_FILE = YES;
				IPHONEOS_DEPLOYMENT_TARGET = 15.5;
				MARKETING_VERSION = 1.0;
				PRODUCT_BUNDLE_IDENTIFIER = com.josecastillo.InstagramTests;
				PRODUCT_NAME = "$(TARGET_NAME)";
				SWIFT_EMIT_LOC_STRINGS = NO;
				TARGETED_DEVICE_FAMILY = "1,2";
				TEST_HOST = "$(BUILT_PRODUCTS_DIR)/Instagram.app/Instagram";
			};
			name = Debug;
		};
		26B6BA43286A475100912724 /* Release */ = {
			isa = XCBuildConfiguration;
			baseConfigurationReference = B70077BA33B43BABB3894779 /* Pods-InstagramTests.release.xcconfig */;
			buildSettings = {
				BUNDLE_LOADER = "$(TEST_HOST)";
				CODE_SIGN_STYLE = Automatic;
				CURRENT_PROJECT_VERSION = 1;
				DEVELOPMENT_TEAM = K8BWGLA443;
				GENERATE_INFOPLIST_FILE = YES;
				IPHONEOS_DEPLOYMENT_TARGET = 15.5;
				MARKETING_VERSION = 1.0;
				PRODUCT_BUNDLE_IDENTIFIER = com.josecastillo.InstagramTests;
				PRODUCT_NAME = "$(TARGET_NAME)";
				SWIFT_EMIT_LOC_STRINGS = NO;
				TARGETED_DEVICE_FAMILY = "1,2";
				TEST_HOST = "$(BUILT_PRODUCTS_DIR)/Instagram.app/Instagram";
			};
			name = Release;
		};
		26B6BA45286A475100912724 /* Debug */ = {
			isa = XCBuildConfiguration;
			baseConfigurationReference = 4F3CA47E5E1E9E88B8C1456E /* Pods-Instagram-InstagramUITests.debug.xcconfig */;
			buildSettings = {
				CODE_SIGN_STYLE = Automatic;
				CURRENT_PROJECT_VERSION = 1;
				DEVELOPMENT_TEAM = K8BWGLA443;
				GENERATE_INFOPLIST_FILE = YES;
				MARKETING_VERSION = 1.0;
				PRODUCT_BUNDLE_IDENTIFIER = com.josecastillo.InstagramUITests;
				PRODUCT_NAME = "$(TARGET_NAME)";
				SWIFT_EMIT_LOC_STRINGS = NO;
				TARGETED_DEVICE_FAMILY = "1,2";
				TEST_TARGET_NAME = Instagram;
			};
			name = Debug;
		};
		26B6BA46286A475100912724 /* Release */ = {
			isa = XCBuildConfiguration;
			baseConfigurationReference = 8E042EB6F9FA41AAAF6108CC /* Pods-Instagram-InstagramUITests.release.xcconfig */;
			buildSettings = {
				CODE_SIGN_STYLE = Automatic;
				CURRENT_PROJECT_VERSION = 1;
				DEVELOPMENT_TEAM = K8BWGLA443;
				GENERATE_INFOPLIST_FILE = YES;
				MARKETING_VERSION = 1.0;
				PRODUCT_BUNDLE_IDENTIFIER = com.josecastillo.InstagramUITests;
				PRODUCT_NAME = "$(TARGET_NAME)";
				SWIFT_EMIT_LOC_STRINGS = NO;
				TARGETED_DEVICE_FAMILY = "1,2";
				TEST_TARGET_NAME = Instagram;
			};
			name = Release;
		};
/* End XCBuildConfiguration section */

/* Begin XCConfigurationList section */
		26B6BA0A286A475000912724 /* Build configuration list for PBXProject "Instagram" */ = {
			isa = XCConfigurationList;
			buildConfigurations = (
				26B6BA3C286A475100912724 /* Debug */,
				26B6BA3D286A475100912724 /* Release */,
			);
			defaultConfigurationIsVisible = 0;
			defaultConfigurationName = Release;
		};
		26B6BA3E286A475100912724 /* Build configuration list for PBXNativeTarget "Instagram" */ = {
			isa = XCConfigurationList;
			buildConfigurations = (
				26B6BA3F286A475100912724 /* Debug */,
				26B6BA40286A475100912724 /* Release */,
			);
			defaultConfigurationIsVisible = 0;
			defaultConfigurationName = Release;
		};
		26B6BA41286A475100912724 /* Build configuration list for PBXNativeTarget "InstagramTests" */ = {
			isa = XCConfigurationList;
			buildConfigurations = (
				26B6BA42286A475100912724 /* Debug */,
				26B6BA43286A475100912724 /* Release */,
			);
			defaultConfigurationIsVisible = 0;
			defaultConfigurationName = Release;
		};
		26B6BA44286A475100912724 /* Build configuration list for PBXNativeTarget "InstagramUITests" */ = {
			isa = XCConfigurationList;
			buildConfigurations = (
				26B6BA45286A475100912724 /* Debug */,
				26B6BA46286A475100912724 /* Release */,
			);
			defaultConfigurationIsVisible = 0;
			defaultConfigurationName = Release;
		};
/* End XCConfigurationList section */
	};
	rootObject = 26B6BA07286A475000912724 /* Project object */;
}
